
Microsoft Visual Studio Solution File, Format Version 10.00
# Visual Studio 2008
Project("{8BC9CEB8-8B4A-11D0-8D11-00A0C91BC942}") = "IsPrime", "IsPrime\IsPrime.vcproj", "{128CC941-C1F0-4398-9511-B7B01029B44D}"
EndProject
Global
	GlobalSection(SolutionConfigurationPlatforms) = preSolution
		Debug|Win32 = Debug|Win32
		Release|Win32 = Release|Win32
	EndGlobalSection
	GlobalSection(ProjectConfigurationPlatforms) = postSolution
		{128CC941-C1F0-4398-9511-B7B01029B44D}.Debug|Win32.ActiveCfg = Debug|Win32
		{128CC941-C1F0-4398-9511-B7B01029B44D}.Debug|Win32.Build.0 = Debug|Win32
		{128CC941-C1F0-4398-9511-B7B01029B44D}.Release|Win32.ActiveCfg = Release|Win32
		{128CC941-C1F0-4398-9511-B7B01029B44D}.Release|Win32.Build.0 = Release|Win32
	EndGlobalSection
	GlobalSection(SolutionProperties) = preSolution
		HideSolutionNode = FALSE
	EndGlobalSection
EndGlobal
