
Microsoft Visual Studio Solution File, Format Version 10.00
# Visual Studio 2008
Project("{8BC9CEB8-8B4A-11D0-8D11-00A0C91BC942}") = "IntegerPartion", "IntegerPartion\IntegerPartion.vcproj", "{6275878B-7D9D-4987-98E5-B1195F115534}"
EndProject
Global
	GlobalSection(SolutionConfigurationPlatforms) = preSolution
		Debug|Win32 = Debug|Win32
		Release|Win32 = Release|Win32
	EndGlobalSection
	GlobalSection(ProjectConfigurationPlatforms) = postSolution
		{6275878B-7D9D-4987-98E5-B1195F115534}.Debug|Win32.ActiveCfg = Debug|Win32
		{6275878B-7D9D-4987-98E5-B1195F115534}.Debug|Win32.Build.0 = Debug|Win32
		{6275878B-7D9D-4987-98E5-B1195F115534}.Release|Win32.ActiveCfg = Release|Win32
		{6275878B-7D9D-4987-98E5-B1195F115534}.Release|Win32.Build.0 = Release|Win32
	EndGlobalSection
	GlobalSection(SolutionProperties) = preSolution
		HideSolutionNode = FALSE
	EndGlobalSection
EndGlobal
